// !$*UTF8*$!
{
	archiveVersion = 1;
	classes = {
	};
	objectVersion = 48;
	objects = {

/* Begin PBXBuildFile section */
		F791FF781F03C7EF002B33E3 /* AppDelegate.swift in Sources */ = {isa = PBXBuildFile; fileRef = F791FF771F03C7EF002B33E3 /* AppDelegate.swift */; };
		F791FF7A1F03C7EF002B33E3 /* ViewController.swift in Sources */ = {isa = PBXBuildFile; fileRef = F791FF791F03C7EF002B33E3 /* ViewController.swift */; };
		F791FF7D1F03C7EF002B33E3 /* Main.storyboard in Resources */ = {isa = PBXBuildFile; fileRef = F791FF7B1F03C7EF002B33E3 /* Main.storyboard */; };
		F791FF7F1F03C7EF002B33E3 /* Assets.xcassets in Resources */ = {isa = PBXBuildFile; fileRef = F791FF7E1F03C7EF002B33E3 /* Assets.xcassets */; };
		F791FF821F03C7EF002B33E3 /* LaunchScreen.storyboard in Resources */ = {isa = PBXBuildFile; fileRef = F791FF801F03C7EF002B33E3 /* LaunchScreen.storyboard */; };
		F791FF8A1F03CEE8002B33E3 /* HeaderView.swift in Sources */ = {isa = PBXBuildFile; fileRef = F791FF891F03CEE8002B33E3 /* HeaderView.swift */; };
/* End PBXBuildFile section */

/* Begin PBXFileReference section */
		F791FF741F03C7EF002B33E3 /* StickyHeadCollection.app */ = {isa = PBXFileReference; explicitFileType = wrapper.application; includeInIndex = 0; path = StickyHeadCollection.app; sourceTree = BUILT_PRODUCTS_DIR; };
		F791FF771F03C7EF002B33E3 /* AppDelegate.swift */ = {isa = PBXFileReference; lastKnownFileType = sourcecode.swift; path = AppDelegate.swift; sourceTree = "<group>"; };
		F791FF791F03C7EF002B33E3 /* ViewController.swift */ = {isa = PBXFileReference; lastKnownFileType = sourcecode.swift; path = ViewController.swift; sourceTree = "<group>"; };
		F791FF7C1F03C7EF002B33E3 /* Base */ = {isa = PBXFileReference; lastKnownFileType = file.storyboard; name = Base; path = Base.lproj/Main.storyboard; sourceTree = "<group>"; };
		F791FF7E1F03C7EF002B33E3 /* Assets.xcassets */ = {isa = PBXFileReference; lastKnownFileType = folder.assetcatalog; path = Assets.xcassets; sourceTree = "<group>"; };
		F791FF811F03C7EF002B33E3 /* Base */ = {isa = PBXFileReference; lastKnownFileType = file.storyboard; name = Base; path = Base.lproj/LaunchScreen.storyboard; sourceTree = "<group>"; };
		F791FF831F03C7EF002B33E3 /* Info.plist */ = {isa = PBXFileReference; lastKnownFileType = text.plist.xml; path = Info.plist; sourceTree = "<group>"; };
		F791FF891F03CEE8002B33E3 /* HeaderView.swift */ = {isa = PBXFileReference; lastKnownFileType = sourcecode.swift; path = HeaderView.swift; sourceTree = "<group>"; };
/* End PBXFileReference section */

/* Begin PBXFrameworksBuildPhase section */
		F791FF711F03C7EF002B33E3 /* Frameworks */ = {
			isa = PBXFrameworksBuildPhase;
			buildActionMask = 2147483647;
			files = (
			);
			runOnlyForDeploymentPostprocessing = 0;
		};
/* End PBXFrameworksBuildPhase section */

/* Begin PBXGroup section */
		F791FF6B1F03C7EF002B33E3 = {
			isa = PBXGroup;
			children = (
				F791FF761F03C7EF002B33E3 /* StickyHeadCollection */,
				F791FF751F03C7EF002B33E3 /* Products */,
			);
			sourceTree = "<group>";
		};
		F791FF751F03C7EF002B33E3 /* Products */ = {
			isa = PBXGroup;
			children = (
				F791FF741F03C7EF002B33E3 /* StickyHeadCollection.app */,
			);
			name = Products;
			sourceTree = "<group>";
		};
		F791FF761F03C7EF002B33E3 /* StickyHeadCollection */ = {
			isa = PBXGroup;
			children = (
				F791FF771F03C7EF002B33E3 /* AppDelegate.swift */,
				F791FF791F03C7EF002B33E3 /* ViewController.swift */,
				F791FF891F03CEE8002B33E3 /* HeaderView.swift */,
				F791FF7B1F03C7EF002B33E3 /* Main.storyboard */,
				F791FF7E1F03C7EF002B33E3 /* Assets.xcassets */,
				F791FF801F03C7EF002B33E3 /* LaunchScreen.storyboard */,
				F791FF831F03C7EF002B33E3 /* Info.plist */,
			);
			path = StickyHeadCollection;
			sourceTree = "<group>";
		};
/* End PBXGroup section */

/* Begin PBXNativeTarget section */
		F791FF731F03C7EF002B33E3 /* StickyHeadCollection */ = {
			isa = PBXNativeTarget;
			buildConfigurationList = F791FF861F03C7EF002B33E3 /* Build configuration list for PBXNativeTarget "StickyHeadCollection" */;
			buildPhases = (
				F791FF701F03C7EF002B33E3 /* Sources */,
				F791FF711F03C7EF002B33E3 /* Frameworks */,
				F791FF721F03C7EF002B33E3 /* Resources */,
			);
			buildRules = (
			);
			dependencies = (
			);
			name = StickyHeadCollection;
			productName = StickyHeadCollection;
			productReference = F791FF741F03C7EF002B33E3 /* StickyHeadCollection.app */;
			productType = "com.apple.product-type.application";
		};
/* End PBXNativeTarget section */

/* Begin PBXProject section */
		F791FF6C1F03C7EF002B33E3 /* Project object */ = {
			isa = PBXProject;
			attributes = {
				LastSwiftUpdateCheck = 0900;
				LastUpgradeCheck = 0900;
				ORGANIZATIONNAME = EExT;
				TargetAttributes = {
					F791FF731F03C7EF002B33E3 = {
						CreatedOnToolsVersion = 9.0;
					};
				};
			};
			buildConfigurationList = F791FF6F1F03C7EF002B33E3 /* Build configuration list for PBXProject "StickyHeadCollection" */;
			compatibilityVersion = "Xcode 8.0";
			developmentRegion = en;
			hasScannedForEncodings = 0;
			knownRegions = (
				en,
				Base,
			);
			mainGroup = F791FF6B1F03C7EF002B33E3;
			productRefGroup = F791FF751F03C7EF002B33E3 /* Products */;
			projectDirPath = "";
			projectRoot = "";
			targets = (
				F791FF731F03C7EF002B33E3 /* StickyHeadCollection */,
			);
		};
/* End PBXProject section */

/* Begin PBXResourcesBuildPhase section */
		F791FF721F03C7EF002B33E3 /* Resources */ = {
			isa = PBXResourcesBuildPhase;
			buildActionMask = 2147483647;
			files = (
				F791FF821F03C7EF002B33E3 /* LaunchScreen.storyboard in Resources */,
				F791FF7F1F03C7EF002B33E3 /* Assets.xcassets in Resources */,
				F791FF7D1F03C7EF002B33E3 /* Main.storyboard in Resources */,
			);
			runOnlyForDeploymentPostprocessing = 0;
		};
/* End PBXResourcesBuildPhase section */

/* Begin PBXSourcesBuildPhase section */
		F791FF701F03C7EF002B33E3 /* Sources */ = {
			isa = PBXSourcesBuildPhase;
			buildActionMask = 2147483647;
			files = (
				F791FF7A1F03C7EF002B33E3 /* ViewController.swift in Sources */,
				F791FF8A1F03CEE8002B33E3 /* HeaderView.swift in Sources */,
				F791FF781F03C7EF002B33E3 /* AppDelegate.swift in Sources */,
			);
			runOnlyForDeploymentPostprocessing = 0;
		};
/* End PBXSourcesBuildPhase section */

/* Begin PBXVariantGroup section */
		F791FF7B1F03C7EF002B33E3 /* Main.storyboard */ = {
			isa = PBXVariantGroup;
			children = (
				F791FF7C1F03C7EF002B33E3 /* Base */,
			);
			name = Main.storyboard;
			sourceTree = "<group>";
		};
		F791FF801F03C7EF002B33E3 /* LaunchScreen.storyboard */ = {
			isa = PBXVariantGroup;
			children = (
				F791FF811F03C7EF002B33E3 /* Base */,
			);
			name = LaunchScreen.storyboard;
			sourceTree = "<group>";
		};
/* End PBXVariantGroup section */

/* Begin XCBuildConfiguration section */
		F791FF841F03C7EF002B33E3 /* Debug */ = {
			isa = XCBuildConfiguration;
			buildSettings = {
				ALWAYS_SEARCH_USER_PATHS = NO;
				CLANG_ANALYZER_NONNULL = YES;
				CLANG_ANALYZER_NUMBER_OBJECT_CONVERSION = YES_AGGRESSIVE;
				CLANG_CXX_LANGUAGE_STANDARD = "gnu++14";
				CLANG_CXX_LIBRARY = "libc++";
				CLANG_ENABLE_MODULES = YES;
				CLANG_ENABLE_OBJC_ARC = YES;
				CLANG_WARN_BLOCK_CAPTURE_AUTORELEASING = YES;
				CLANG_WARN_BOOL_CONVERSION = YES;
				CLANG_WARN_COMMA = YES;
				CLANG_WARN_CONSTANT_CONVERSION = YES;
				CLANG_WARN_DIRECT_OBJC_ISA_USAGE = YES_ERROR;
				CLANG_WARN_DOCUMENTATION_COMMENTS = YES;
				CLANG_WARN_EMPTY_BODY = YES;
				CLANG_WARN_ENUM_CONVERSION = YES;
				CLANG_WARN_INFINITE_RECURSION = YES;
				CLANG_WARN_INT_CONVERSION = YES;
				CLANG_WARN_OBJC_ROOT_CLASS = YES_ERROR;
				CLANG_WARN_RANGE_LOOP_ANALYSIS = YES;
				CLANG_WARN_STRICT_PROTOTYPES = YES;
				CLANG_WARN_SUSPICIOUS_MOVE = YES;
				CLANG_WARN_UNGUARDED_AVAILABILITY = YES_AGGRESSIVE;
				CLANG_WARN_UNREACHABLE_CODE = YES;
				CLANG_WARN__DUPLICATE_METHOD_MATCH = YES;
				CODE_SIGN_IDENTITY = "iPhone Developer";
				COPY_PHASE_STRIP = NO;
				DEBUG_INFORMATION_FORMAT = dwarf;
				ENABLE_STRICT_OBJC_MSGSEND = YES;
				ENABLE_TESTABILITY = YES;
				GCC_C_LANGUAGE_STANDARD = gnu11;
				GCC_DYNAMIC_NO_PIC = NO;
				GCC_NO_COMMON_BLOCKS = YES;
				GCC_OPTIMIZATION_LEVEL = 0;
				GCC_PREPROCESSOR_DEFINITIONS = (
					"DEBUG=1",
					"$(inherited)",
				);
				GCC_WARN_64_TO_32_BIT_CONVERSION = YES;
				GCC_WARN_ABOUT_RETURN_TYPE = YES_ERROR;
				GCC_WARN_UNDECLARED_SELECTOR = YES;
				GCC_WARN_UNINITIALIZED_AUTOS = YES_AGGRESSIVE;
				GCC_WARN_UNUSED_FUNCTION = YES;
				GCC_WARN_UNUSED_VARIABLE = YES;
				IPHONEOS_DEPLOYMENT_TARGET = 11.0;
				MTL_ENABLE_DEBUG_INFO = YES;
				ONLY_ACTIVE_ARCH = YES;
				SDKROOT = iphoneos;
				SWIFT_ACTIVE_COMPILATION_CONDITIONS = DEBUG;
				SWIFT_OPTIMIZATION_LEVEL = "-Onone";
			};
			name = Debug;
		};
		F791FF851F03C7EF002B33E3 /* Release */ = {
			isa = XCBuildConfiguration;
			buildSettings = {
				ALWAYS_SEARCH_USER_PATHS = NO;
				CLANG_ANALYZER_NONNULL = YES;
				CLANG_ANALYZER_NUMBER_OBJECT_CONVERSION = YES_AGGRESSIVE;
				CLANG_CXX_LANGUAGE_STANDARD = "gnu++14";
				CLANG_CXX_LIBRARY = "libc++";
				CLANG_ENABLE_MODULES = YES;
				CLANG_ENABLE_OBJC_ARC = YES;
				CLANG_WARN_BLOCK_CAPTURE_AUTORELEASING = YES;
				CLANG_WARN_BOOL_CONVERSION = YES;
				CLANG_WARN_COMMA = YES;
				CLANG_WARN_CONSTANT_CONVERSION = YES;
				CLANG_WARN_DIRECT_OBJC_ISA_USAGE = YES_ERROR;
				CLANG_WARN_DOCUMENTATION_COMMENTS = YES;
				CLANG_WARN_EMPTY_BODY = YES;
				CLANG_WARN_ENUM_CONVERSION = YES;
				CLANG_WARN_INFINITE_RECURSION = YES;
				CLANG_WARN_INT_CONVERSION = YES;
				CLANG_WARN_OBJC_ROOT_CLASS = YES_ERROR;
				CLANG_WARN_RANGE_LOOP_ANALYSIS = YES;
				CLANG_WARN_STRICT_PROTOTYPES = YES;
				CLANG_WARN_SUSPICIOUS_MOVE = YES;
				CLANG_WARN_UNGUARDED_AVAILABILITY = YES_AGGRESSIVE;
				CLANG_WARN_UNREACHABLE_CODE = YES;
				CLANG_WARN__DUPLICATE_METHOD_MATCH = YES;
				CODE_SIGN_IDENTITY = "iPhone Developer";
				COPY_PHASE_STRIP = NO;
				DEBUG_INFORMATION_FORMAT = "dwarf-with-dsym";
				ENABLE_NS_ASSERTIONS = NO;
				ENABLE_STRICT_OBJC_MSGSEND = YES;
				GCC_C_LANGUAGE_STANDARD = gnu11;
				GCC_NO_COMMON_BLOCKS = YES;
				GCC_WARN_64_TO_32_BIT_CONVERSION = YES;
				GCC_WARN_ABOUT_RETURN_TYPE = YES_ERROR;
				GCC_WARN_UNDECLARED_SELECTOR = YES;
				GCC_WARN_UNINITIALIZED_AUTOS = YES_AGGRESSIVE;
				GCC_WARN_UNUSED_FUNCTION = YES;
				GCC_WARN_UNUSED_VARIABLE = YES;
				IPHONEOS_DEPLOYMENT_TARGET = 11.0;
				MTL_ENABLE_DEBUG_INFO = NO;
				SDKROOT = iphoneos;
				SWIFT_OPTIMIZATION_LEVEL = "-Owholemodule";
				VALIDATE_PRODUCT = YES;
			};
			name = Release;
		};
		F791FF871F03C7EF002B33E3 /* Debug */ = {
			isa = XCBuildConfiguration;
			buildSettings = {
				ASSETCATALOG_COMPILER_APPICON_NAME = AppIcon;
				DEVELOPMENT_TEAM = 2WN8Z4EKKL;
				INFOPLIST_FILE = StickyHeadCollection/Info.plist;
				LD_RUNPATH_SEARCH_PATHS = "$(inherited) @executable_path/Frameworks";
				PRODUCT_BUNDLE_IDENTIFIER = com.EExT.StickyHeadCollection;
				PRODUCT_NAME = "$(TARGET_NAME)";
				SWIFT_VERSION = 4.0;
				TARGETED_DEVICE_FAMILY = "1,2";
			};
			name = Debug;
		};
		F791FF881F03C7EF002B33E3 /* Release */ = {
			isa = XCBuildConfiguration;
			buildSettings = {
				ASSETCATALOG_COMPILER_APPICON_NAME = AppIcon;
				DEVELOPMENT_TEAM = 2WN8Z4EKKL;
				INFOPLIST_FILE = StickyHeadCollection/Info.plist;
				LD_RUNPATH_SEARCH_PATHS = "$(inherited) @executable_path/Frameworks";
				PRODUCT_BUNDLE_IDENTIFIER = com.EExT.StickyHeadCollection;
				PRODUCT_NAME = "$(TARGET_NAME)";
				SWIFT_VERSION = 4.0;
				TARGETED_DEVICE_FAMILY = "1,2";
			};
			name = Release;
		};
/* End XCBuildConfiguration section */

/* Begin XCConfigurationList section */
		F791FF6F1F03C7EF002B33E3 /* Build configuration list for PBXProject "StickyHeadCollection" */ = {
			isa = XCConfigurationList;
			buildConfigurations = (
				F791FF841F03C7EF002B33E3 /* Debug */,
				F791FF851F03C7EF002B33E3 /* Release */,
			);
			defaultConfigurationIsVisible = 0;
			defaultConfigurationName = Release;
		};
		F791FF861F03C7EF002B33E3 /* Build configuration list for PBXNativeTarget "StickyHeadCollection" */ = {
			isa = XCConfigurationList;
			buildConfigurations = (
				F791FF871F03C7EF002B33E3 /* Debug */,
				F791FF881F03C7EF002B33E3 /* Release */,
			);
			defaultConfigurationIsVisible = 0;
		};
/* End XCConfigurationList section */
	};
	rootObject = F791FF6C1F03C7EF002B33E3 /* Project object */;
}
